
Microsoft Visual Studio Solution File, Format Version 12.00
# Visual Studio Version 16
VisualStudioVersion = 16.0.30309.148
MinimumVisualStudioVersion = 10.0.40219.1
Project("{FAE04EC0-301F-11D3-BF4B-00C04F79EFBC}") = "System.Collections.Algorithms", "System.Collections.Algorithms\System.Collections.Algorithms.csproj", "{14B2F490-0828-4D3E-AB2D-C4BA4420D21B}"
EndProject
Project("{FAE04EC0-301F-11D3-BF4B-00C04F79EFBC}") = "System.Collection.Algorithms.Tests", "System.Collection.Algorithms.Tests\System.Collection.Algorithms.Tests.csproj", "{688C95AE-F1F4-4F18-A2FA-38E10A1B4872}"
EndProject
Global
	GlobalSection(SolutionConfigurationPlatforms) = preSolution
		Debug|Any CPU = Debug|Any CPU
		Release|Any CPU = Release|Any CPU
	EndGlobalSection
	GlobalSection(ProjectConfigurationPlatforms) = postSolution
		{14B2F490-0828-4D3E-AB2D-C4BA4420D21B}.Debug|Any CPU.ActiveCfg = Debug|Any CPU
		{14B2F490-0828-4D3E-AB2D-C4BA4420D21B}.Debug|Any CPU.Build.0 = Debug|Any CPU
		{14B2F490-0828-4D3E-AB2D-C4BA4420D21B}.Release|Any CPU.ActiveCfg = Release|Any CPU
		{14B2F490-0828-4D3E-AB2D-C4BA4420D21B}.Release|Any CPU.Build.0 = Release|Any CPU
		{688C95AE-F1F4-4F18-A2FA-38E10A1B4872}.Debug|Any CPU.ActiveCfg = Debug|Any CPU
		{688C95AE-F1F4-4F18-A2FA-38E10A1B4872}.Debug|Any CPU.Build.0 = Debug|Any CPU
		{688C95AE-F1F4-4F18-A2FA-38E10A1B4872}.Release|Any CPU.ActiveCfg = Release|Any CPU
		{688C95AE-F1F4-4F18-A2FA-38E10A1B4872}.Release|Any CPU.Build.0 = Release|Any CPU
	EndGlobalSection
	GlobalSection(SolutionProperties) = preSolution
		HideSolutionNode = FALSE
	EndGlobalSection
	GlobalSection(ExtensibilityGlobals) = postSolution
		SolutionGuid = {26D8902C-D32C-4DB4-8297-2B10DCE06A11}
	EndGlobalSection
EndGlobal
